
Microsoft Visual Studio Solution File, Format Version 12.00
# Visual Studio 15
VisualStudioVersion = 15.0.27703.2042
MinimumVisualStudioVersion = 10.0.40219.1
Project("{FAE04EC0-301F-11D3-BF4B-00C04F79EFBC}") = "CodeSecond", "CodeSecond\CodeSecond.csproj", "{BD6FEE10-F6D8-49C4-A84B-66900CF020CA}"
EndProject
Global
	GlobalSection(SolutionConfigurationPlatforms) = preSolution
		Debug|Any CPU = Debug|Any CPU
		Release|Any CPU = Release|Any CPU
	EndGlobalSection
	GlobalSection(ProjectConfigurationPlatforms) = postSolution
		{BD6FEE10-F6D8-49C4-A84B-66900CF020CA}.Debug|Any CPU.ActiveCfg = Debug|Any CPU
		{BD6FEE10-F6D8-49C4-A84B-66900CF020CA}.Debug|Any CPU.Build.0 = Debug|Any CPU
		{BD6FEE10-F6D8-49C4-A84B-66900CF020CA}.Release|Any CPU.ActiveCfg = Release|Any CPU
		{BD6FEE10-F6D8-49C4-A84B-66900CF020CA}.Release|Any CPU.Build.0 = Release|Any CPU
	EndGlobalSection
	GlobalSection(SolutionProperties) = preSolution
		HideSolutionNode = FALSE
	EndGlobalSection
	GlobalSection(ExtensibilityGlobals) = postSolution
		SolutionGuid = {6016E5CF-4B4F-45FF-9DB8-9E1B37403C2B}
	EndGlobalSection
EndGlobal
